
Microsoft Visual Studio Solution File, Format Version 12.00
# Visual Studio 15
VisualStudioVersion = 15.0.28307.779
MinimumVisualStudioVersion = 10.0.40219.1
Project("{FAE04EC0-301F-11D3-BF4B-00C04F79EFBC}") = "MeowWorld", "MeowWorld\MeowWorld.csproj", "{8FA593CE-214D-4ED8-9480-82E63643EEA2}"
EndProject
Global
	GlobalSection(SolutionConfigurationPlatforms) = preSolution
		Debug|Any CPU = Debug|Any CPU
		Release|Any CPU = Release|Any CPU
	EndGlobalSection
	GlobalSection(ProjectConfigurationPlatforms) = postSolution
		{8FA593CE-214D-4ED8-9480-82E63643EEA2}.Debug|Any CPU.ActiveCfg = Debug|Any CPU
		{8FA593CE-214D-4ED8-9480-82E63643EEA2}.Debug|Any CPU.Build.0 = Debug|Any CPU
		{8FA593CE-214D-4ED8-9480-82E63643EEA2}.Release|Any CPU.ActiveCfg = Release|Any CPU
		{8FA593CE-214D-4ED8-9480-82E63643EEA2}.Release|Any CPU.Build.0 = Release|Any CPU
	EndGlobalSection
	GlobalSection(SolutionProperties) = preSolution
		HideSolutionNode = FALSE
	EndGlobalSection
	GlobalSection(ExtensibilityGlobals) = postSolution
		SolutionGuid = {F8068EDC-7896-4457-BE7F-802E5E554A04}
	EndGlobalSection
EndGlobal
